// !$*UTF8*$!
{
	archiveVersion = 1;
	classes = {
	};
	objectVersion = 46;
	objects = {

/* Begin PBXBuildFile section */
		5FFA3C00149D52C700ED3221 /* Cocoa.framework in Frameworks */ = {isa = PBXBuildFile; fileRef = 5FFA3BFF149D52C700ED3221 /* Cocoa.framework */; };
		5FFA3C0A149D52C700ED3221 /* InfoPlist.strings in Resources */ = {isa = PBXBuildFile; fileRef = 5FFA3C08149D52C700ED3221 /* InfoPlist.strings */; };
		5FFA3C0C149D52C700ED3221 /* main.m in Sources */ = {isa = PBXBuildFile; fileRef = 5FFA3C0B149D52C700ED3221 /* main.m */; };
		5FFA3C13149D52C700ED3221 /* AppDelegate.m in Sources */ = {isa = PBXBuildFile; fileRef = 5FFA3C12149D52C700ED3221 /* AppDelegate.m */; };
		5FFA3C16149D52C700ED3221 /* MainMenu.xib in Resources */ = {isa = PBXBuildFile; fileRef = 5FFA3C14149D52C700ED3221 /* MainMenu.xib */; };
		5FFA3C23149D579600ED3221 /* microphone.png in Resources */ = {isa = PBXBuildFile; fileRef = 5FFA3C22149D579600ED3221 /* microphone.png */; };
		5FFA3C25149D5CCC00ED3221 /* microphone_muted.png in Resources */ = {isa = PBXBuildFile; fileRef = 5FFA3C24149D5CCC00ED3221 /* microphone_muted.png */; };
		5FFA3C28149D60C400ED3221 /* neg_microphone_muted.png in Resources */ = {isa = PBXBuildFile; fileRef = 5FFA3C26149D60C400ED3221 /* neg_microphone_muted.png */; };
		5FFA3C29149D60C400ED3221 /* neg_microphone.png in Resources */ = {isa = PBXBuildFile; fileRef = 5FFA3C27149D60C400ED3221 /* neg_microphone.png */; };
		5FFA3C2B149D69F000ED3221 /* Carbon.framework in Frameworks */ = {isa = PBXBuildFile; fileRef = 5FFA3C2A149D69F000ED3221 /* Carbon.framework */; };
		5FFA3C2D149DA47600ED3221 /* icon.png in Resources */ = {isa = PBXBuildFile; fileRef = 5FFA3C2C149DA47600ED3221 /* icon.png */; };
		5FFA3C2F149DA5E900ED3221 /* icon.icns in Resources */ = {isa = PBXBuildFile; fileRef = 5FFA3C2E149DA5E900ED3221 /* icon.icns */; };
/* End PBXBuildFile section */

/* Begin PBXFileReference section */
		5FFA3BFB149D52C700ED3221 /* iTalkie.app */ = {isa = PBXFileReference; explicitFileType = wrapper.application; includeInIndex = 0; path = iTalkie.app; sourceTree = BUILT_PRODUCTS_DIR; };
		5FFA3BFF149D52C700ED3221 /* Cocoa.framework */ = {isa = PBXFileReference; lastKnownFileType = wrapper.framework; name = Cocoa.framework; path = System/Library/Frameworks/Cocoa.framework; sourceTree = SDKROOT; };
		5FFA3C02149D52C700ED3221 /* AppKit.framework */ = {isa = PBXFileReference; lastKnownFileType = wrapper.framework; name = AppKit.framework; path = System/Library/Frameworks/AppKit.framework; sourceTree = SDKROOT; };
		5FFA3C03149D52C700ED3221 /* CoreData.framework */ = {isa = PBXFileReference; lastKnownFileType = wrapper.framework; name = CoreData.framework; path = System/Library/Frameworks/CoreData.framework; sourceTree = SDKROOT; };
		5FFA3C04149D52C700ED3221 /* Foundation.framework */ = {isa = PBXFileReference; lastKnownFileType = wrapper.framework; name = Foundation.framework; path = System/Library/Frameworks/Foundation.framework; sourceTree = SDKROOT; };
		5FFA3C07149D52C700ED3221 /* iTalkie-Info.plist */ = {isa = PBXFileReference; lastKnownFileType = text.plist.xml; path = "iTalkie-Info.plist"; sourceTree = "<group>"; };
		5FFA3C09149D52C700ED3221 /* en */ = {isa = PBXFileReference; lastKnownFileType = text.plist.strings; name = en; path = en.lproj/InfoPlist.strings; sourceTree = "<group>"; };
		5FFA3C0B149D52C700ED3221 /* main.m */ = {isa = PBXFileReference; lastKnownFileType = sourcecode.c.objc; path = main.m; sourceTree = "<group>"; };
		5FFA3C0D149D52C700ED3221 /* iTalkie-Prefix.pch */ = {isa = PBXFileReference; lastKnownFileType = sourcecode.c.h; path = "iTalkie-Prefix.pch"; sourceTree = "<group>"; };
		5FFA3C11149D52C700ED3221 /* AppDelegate.h */ = {isa = PBXFileReference; lastKnownFileType = sourcecode.c.h; path = AppDelegate.h; sourceTree = "<group>"; };
		5FFA3C12149D52C700ED3221 /* AppDelegate.m */ = {isa = PBXFileReference; lastKnownFileType = sourcecode.c.objc; path = AppDelegate.m; sourceTree = "<group>"; };
		5FFA3C15149D52C700ED3221 /* en */ = {isa = PBXFileReference; lastKnownFileType = file.xib; name = en; path = en.lproj/MainMenu.xib; sourceTree = "<group>"; };
		5FFA3C22149D579600ED3221 /* microphone.png */ = {isa = PBXFileReference; lastKnownFileType = image.png; path = microphone.png; sourceTree = "<group>"; };
		5FFA3C24149D5CCC00ED3221 /* microphone_muted.png */ = {isa = PBXFileReference; lastKnownFileType = image.png; path = microphone_muted.png; sourceTree = "<group>"; };
		5FFA3C26149D60C400ED3221 /* neg_microphone_muted.png */ = {isa = PBXFileReference; lastKnownFileType = image.png; path = neg_microphone_muted.png; sourceTree = "<group>"; };
		5FFA3C27149D60C400ED3221 /* neg_microphone.png */ = {isa = PBXFileReference; lastKnownFileType = image.png; path = neg_microphone.png; sourceTree = "<group>"; };
		5FFA3C2A149D69F000ED3221 /* Carbon.framework */ = {isa = PBXFileReference; lastKnownFileType = wrapper.framework; name = Carbon.framework; path = System/Library/Frameworks/Carbon.framework; sourceTree = SDKROOT; };
		5FFA3C2C149DA47600ED3221 /* icon.png */ = {isa = PBXFileReference; lastKnownFileType = image.png; path = icon.png; sourceTree = "<group>"; };
		5FFA3C2E149DA5E900ED3221 /* icon.icns */ = {isa = PBXFileReference; lastKnownFileType = image.icns; path = icon.icns; sourceTree = "<group>"; };
/* End PBXFileReference section */

/* Begin PBXFrameworksBuildPhase section */
		5FFA3BF8149D52C700ED3221 /* Frameworks */ = {
			isa = PBXFrameworksBuildPhase;
			buildActionMask = 2147483647;
			files = (
				5FFA3C2B149D69F000ED3221 /* Carbon.framework in Frameworks */,
				5FFA3C00149D52C700ED3221 /* Cocoa.framework in Frameworks */,
			);
			runOnlyForDeploymentPostprocessing = 0;
		};
/* End PBXFrameworksBuildPhase section */

/* Begin PBXGroup section */
		5FFA3BF0149D52C700ED3221 = {
			isa = PBXGroup;
			children = (
				5FFA3C2E149DA5E900ED3221 /* icon.icns */,
				5FFA3C2C149DA47600ED3221 /* icon.png */,
				5FFA3C05149D52C700ED3221 /* iTalkie */,
				5FFA3BFE149D52C700ED3221 /* Frameworks */,
				5FFA3BFC149D52C700ED3221 /* Products */,
			);
			sourceTree = "<group>";
		};
		5FFA3BFC149D52C700ED3221 /* Products */ = {
			isa = PBXGroup;
			children = (
				5FFA3BFB149D52C700ED3221 /* iTalkie.app */,
			);
			name = Products;
			sourceTree = "<group>";
		};
		5FFA3BFE149D52C700ED3221 /* Frameworks */ = {
			isa = PBXGroup;
			children = (
				5FFA3C2A149D69F000ED3221 /* Carbon.framework */,
				5FFA3BFF149D52C700ED3221 /* Cocoa.framework */,
				5FFA3C01149D52C700ED3221 /* Other Frameworks */,
			);
			name = Frameworks;
			sourceTree = "<group>";
		};
		5FFA3C01149D52C700ED3221 /* Other Frameworks */ = {
			isa = PBXGroup;
			children = (
				5FFA3C02149D52C700ED3221 /* AppKit.framework */,
				5FFA3C03149D52C700ED3221 /* CoreData.framework */,
				5FFA3C04149D52C700ED3221 /* Foundation.framework */,
			);
			name = "Other Frameworks";
			sourceTree = "<group>";
		};
		5FFA3C05149D52C700ED3221 /* iTalkie */ = {
			isa = PBXGroup;
			children = (
				5FFA3C20149D577E00ED3221 /* images */,
				5FFA3C11149D52C700ED3221 /* AppDelegate.h */,
				5FFA3C12149D52C700ED3221 /* AppDelegate.m */,
				5FFA3C14149D52C700ED3221 /* MainMenu.xib */,
				5FFA3C06149D52C700ED3221 /* Supporting Files */,
			);
			path = iTalkie;
			sourceTree = "<group>";
		};
		5FFA3C06149D52C700ED3221 /* Supporting Files */ = {
			isa = PBXGroup;
			children = (
				5FFA3C07149D52C700ED3221 /* iTalkie-Info.plist */,
				5FFA3C08149D52C700ED3221 /* InfoPlist.strings */,
				5FFA3C0B149D52C700ED3221 /* main.m */,
				5FFA3C0D149D52C700ED3221 /* iTalkie-Prefix.pch */,
			);
			name = "Supporting Files";
			sourceTree = "<group>";
		};
		5FFA3C20149D577E00ED3221 /* images */ = {
			isa = PBXGroup;
			children = (
				5FFA3C26149D60C400ED3221 /* neg_microphone_muted.png */,
				5FFA3C27149D60C400ED3221 /* neg_microphone.png */,
				5FFA3C24149D5CCC00ED3221 /* microphone_muted.png */,
				5FFA3C22149D579600ED3221 /* microphone.png */,
			);
			name = images;
			sourceTree = "<group>";
		};
/* End PBXGroup section */

/* Begin PBXNativeTarget section */
		5FFA3BFA149D52C700ED3221 /* iTalkie */ = {
			isa = PBXNativeTarget;
			buildConfigurationList = 5FFA3C19149D52C700ED3221 /* Build configuration list for PBXNativeTarget "iTalkie" */;
			buildPhases = (
				5FFA3BF7149D52C700ED3221 /* Sources */,
				5FFA3BF8149D52C700ED3221 /* Frameworks */,
				5FFA3BF9149D52C700ED3221 /* Resources */,
			);
			buildRules = (
			);
			dependencies = (
			);
			name = iTalkie;
			productName = iTalkie;
			productReference = 5FFA3BFB149D52C700ED3221 /* iTalkie.app */;
			productType = "com.apple.product-type.application";
		};
/* End PBXNativeTarget section */

/* Begin PBXProject section */
		5FFA3BF2149D52C700ED3221 /* Project object */ = {
			isa = PBXProject;
			attributes = {
				LastUpgradeCheck = 0420;
			};
			buildConfigurationList = 5FFA3BF5149D52C700ED3221 /* Build configuration list for PBXProject "iTalkie" */;
			compatibilityVersion = "Xcode 3.2";
			developmentRegion = English;
			hasScannedForEncodings = 0;
			knownRegions = (
				en,
			);
			mainGroup = 5FFA3BF0149D52C700ED3221;
			productRefGroup = 5FFA3BFC149D52C700ED3221 /* Products */;
			projectDirPath = "";
			projectRoot = "";
			targets = (
				5FFA3BFA149D52C700ED3221 /* iTalkie */,
			);
		};
/* End PBXProject section */

/* Begin PBXResourcesBuildPhase section */
		5FFA3BF9149D52C700ED3221 /* Resources */ = {
			isa = PBXResourcesBuildPhase;
			buildActionMask = 2147483647;
			files = (
				5FFA3C0A149D52C700ED3221 /* InfoPlist.strings in Resources */,
				5FFA3C16149D52C700ED3221 /* MainMenu.xib in Resources */,
				5FFA3C23149D579600ED3221 /* microphone.png in Resources */,
				5FFA3C25149D5CCC00ED3221 /* microphone_muted.png in Resources */,
				5FFA3C28149D60C400ED3221 /* neg_microphone_muted.png in Resources */,
				5FFA3C29149D60C400ED3221 /* neg_microphone.png in Resources */,
				5FFA3C2D149DA47600ED3221 /* icon.png in Resources */,
				5FFA3C2F149DA5E900ED3221 /* icon.icns in Resources */,
			);
			runOnlyForDeploymentPostprocessing = 0;
		};
/* End PBXResourcesBuildPhase section */

/* Begin PBXSourcesBuildPhase section */
		5FFA3BF7149D52C700ED3221 /* Sources */ = {
			isa = PBXSourcesBuildPhase;
			buildActionMask = 2147483647;
			files = (
				5FFA3C0C149D52C700ED3221 /* main.m in Sources */,
				5FFA3C13149D52C700ED3221 /* AppDelegate.m in Sources */,
			);
			runOnlyForDeploymentPostprocessing = 0;
		};
/* End PBXSourcesBuildPhase section */

/* Begin PBXVariantGroup section */
		5FFA3C08149D52C700ED3221 /* InfoPlist.strings */ = {
			isa = PBXVariantGroup;
			children = (
				5FFA3C09149D52C700ED3221 /* en */,
			);
			name = InfoPlist.strings;
			sourceTree = "<group>";
		};
		5FFA3C14149D52C700ED3221 /* MainMenu.xib */ = {
			isa = PBXVariantGroup;
			children = (
				5FFA3C15149D52C700ED3221 /* en */,
			);
			name = MainMenu.xib;
			sourceTree = "<group>";
		};
/* End PBXVariantGroup section */

/* Begin XCBuildConfiguration section */
		5FFA3C17149D52C700ED3221 /* Debug */ = {
			isa = XCBuildConfiguration;
			buildSettings = {
				ALWAYS_SEARCH_USER_PATHS = NO;
				ARCHS = "$(ARCHS_STANDARD_64_BIT)";
				CLANG_ENABLE_OBJC_ARC = YES;
				COPY_PHASE_STRIP = NO;
				GCC_C_LANGUAGE_STANDARD = gnu99;
				GCC_DYNAMIC_NO_PIC = NO;
				GCC_ENABLE_OBJC_EXCEPTIONS = YES;
				GCC_OPTIMIZATION_LEVEL = 0;
				GCC_PREPROCESSOR_DEFINITIONS = (
					"DEBUG=1",
					"$(inherited)",
				);
				GCC_SYMBOLS_PRIVATE_EXTERN = NO;
				GCC_VERSION = com.apple.compilers.llvm.clang.1_0;
				GCC_WARN_64_TO_32_BIT_CONVERSION = YES;
				GCC_WARN_ABOUT_MISSING_PROTOTYPES = YES;
				GCC_WARN_ABOUT_RETURN_TYPE = YES;
				GCC_WARN_UNUSED_VARIABLE = YES;
				MACOSX_DEPLOYMENT_TARGET = 10.7;
				ONLY_ACTIVE_ARCH = YES;
				SDKROOT = macosx;
			};
			name = Debug;
		};
		5FFA3C18149D52C700ED3221 /* Release */ = {
			isa = XCBuildConfiguration;
			buildSettings = {
				ALWAYS_SEARCH_USER_PATHS = NO;
				ARCHS = "$(ARCHS_STANDARD_64_BIT)";
				CLANG_ENABLE_OBJC_ARC = YES;
				COPY_PHASE_STRIP = YES;
				DEBUG_INFORMATION_FORMAT = "dwarf-with-dsym";
				GCC_C_LANGUAGE_STANDARD = gnu99;
				GCC_ENABLE_OBJC_EXCEPTIONS = YES;
				GCC_VERSION = com.apple.compilers.llvm.clang.1_0;
				GCC_WARN_64_TO_32_BIT_CONVERSION = YES;
				GCC_WARN_ABOUT_MISSING_PROTOTYPES = YES;
				GCC_WARN_ABOUT_RETURN_TYPE = YES;
				GCC_WARN_UNUSED_VARIABLE = YES;
				MACOSX_DEPLOYMENT_TARGET = 10.7;
				SDKROOT = macosx;
				SKIP_INSTALL = YES;
			};
			name = Release;
		};
		5FFA3C1A149D52C700ED3221 /* Debug */ = {
			isa = XCBuildConfiguration;
			buildSettings = {
				GCC_PRECOMPILE_PREFIX_HEADER = YES;
				GCC_PREFIX_HEADER = "iTalkie/iTalkie-Prefix.pch";
				INFOPLIST_FILE = "iTalkie/iTalkie-Info.plist";
				PRODUCT_NAME = "$(TARGET_NAME)";
				WRAPPER_EXTENSION = app;
			};
			name = Debug;
		};
		5FFA3C1B149D52C700ED3221 /* Release */ = {
			isa = XCBuildConfiguration;
			buildSettings = {
				GCC_PRECOMPILE_PREFIX_HEADER = YES;
				GCC_PREFIX_HEADER = "iTalkie/iTalkie-Prefix.pch";
				INFOPLIST_FILE = "iTalkie/iTalkie-Info.plist";
				PRODUCT_NAME = "$(TARGET_NAME)";
				SKIP_INSTALL = YES;
				WRAPPER_EXTENSION = app;
			};
			name = Release;
		};
/* End XCBuildConfiguration section */

/* Begin XCConfigurationList section */
		5FFA3BF5149D52C700ED3221 /* Build configuration list for PBXProject "iTalkie" */ = {
			isa = XCConfigurationList;
			buildConfigurations = (
				5FFA3C17149D52C700ED3221 /* Debug */,
				5FFA3C18149D52C700ED3221 /* Release */,
			);
			defaultConfigurationIsVisible = 0;
			defaultConfigurationName = Release;
		};
		5FFA3C19149D52C700ED3221 /* Build configuration list for PBXNativeTarget "iTalkie" */ = {
			isa = XCConfigurationList;
			buildConfigurations = (
				5FFA3C1A149D52C700ED3221 /* Debug */,
				5FFA3C1B149D52C700ED3221 /* Release */,
			);
			defaultConfigurationIsVisible = 0;
			defaultConfigurationName = Release;
		};
/* End XCConfigurationList section */
	};
	rootObject = 5FFA3BF2149D52C700ED3221 /* Project object */;
}
